
Microsoft Visual Studio Solution File, Format Version 12.00
# Visual Studio 14
VisualStudioVersion = 14.0.24720.0
MinimumVisualStudioVersion = 10.0.40219.1
Project("{FAE04EC0-301F-11D3-BF4B-00C04F79EFBC}") = "GetChamps", "GetChamps\GetChamps.csproj", "{97544938-B7F8-491A-A55E-D31A963B8EB5}"
EndProject
Project("{FAE04EC0-301F-11D3-BF4B-00C04F79EFBC}") = "LeagueForm", "LeagueForm\LeagueForm.csproj", "{A27D0564-C99E-428C-B490-EAA14A5B666E}"
	ProjectSection(ProjectDependencies) = postProject
		{97544938-B7F8-491A-A55E-D31A963B8EB5} = {97544938-B7F8-491A-A55E-D31A963B8EB5}
	EndProjectSection
EndProject
Project("{FAE04EC0-301F-11D3-BF4B-00C04F79EFBC}") = "Web", "Web\Web.csproj", "{1E3E3F12-5E42-4A8E-8E77-9FEA1ED2E1F5}"
	ProjectSection(ProjectDependencies) = postProject
		{97544938-B7F8-491A-A55E-D31A963B8EB5} = {97544938-B7F8-491A-A55E-D31A963B8EB5}
	EndProjectSection
EndProject
Global
	GlobalSection(SolutionConfigurationPlatforms) = preSolution
		Debug|Any CPU = Debug|Any CPU
		Release|Any CPU = Release|Any CPU
	EndGlobalSection
	GlobalSection(ProjectConfigurationPlatforms) = postSolution
		{97544938-B7F8-491A-A55E-D31A963B8EB5}.Debug|Any CPU.ActiveCfg = Debug|Any CPU
		{97544938-B7F8-491A-A55E-D31A963B8EB5}.Debug|Any CPU.Build.0 = Debug|Any CPU
		{97544938-B7F8-491A-A55E-D31A963B8EB5}.Release|Any CPU.ActiveCfg = Release|Any CPU
		{97544938-B7F8-491A-A55E-D31A963B8EB5}.Release|Any CPU.Build.0 = Release|Any CPU
		{A27D0564-C99E-428C-B490-EAA14A5B666E}.Debug|Any CPU.ActiveCfg = Debug|Any CPU
		{A27D0564-C99E-428C-B490-EAA14A5B666E}.Debug|Any CPU.Build.0 = Debug|Any CPU
		{A27D0564-C99E-428C-B490-EAA14A5B666E}.Release|Any CPU.ActiveCfg = Release|Any CPU
		{A27D0564-C99E-428C-B490-EAA14A5B666E}.Release|Any CPU.Build.0 = Release|Any CPU
		{1E3E3F12-5E42-4A8E-8E77-9FEA1ED2E1F5}.Debug|Any CPU.ActiveCfg = Debug|Any CPU
		{1E3E3F12-5E42-4A8E-8E77-9FEA1ED2E1F5}.Debug|Any CPU.Build.0 = Debug|Any CPU
		{1E3E3F12-5E42-4A8E-8E77-9FEA1ED2E1F5}.Release|Any CPU.ActiveCfg = Release|Any CPU
		{1E3E3F12-5E42-4A8E-8E77-9FEA1ED2E1F5}.Release|Any CPU.Build.0 = Release|Any CPU
	EndGlobalSection
	GlobalSection(SolutionProperties) = preSolution
		HideSolutionNode = FALSE
	EndGlobalSection
EndGlobal
